
Microsoft Visual Studio Solution File, Format Version 12.00
# Visual Studio 15
VisualStudioVersion = 15.0.27130.0
MinimumVisualStudioVersion = 10.0.40219.1
Project("{FAE04EC0-301F-11D3-BF4B-00C04F79EFBC}") = "IValueConverterSample", "IValueConverterSample\IValueConverterSample.csproj", "{16A3D766-CB27-4A05-AD6B-C01ABB45B9FF}"
EndProject
Global
	GlobalSection(SolutionConfigurationPlatforms) = preSolution
		Debug|ARM = Debug|ARM
		Debug|x64 = Debug|x64
		Debug|x86 = Debug|x86
		Release|ARM = Release|ARM
		Release|x64 = Release|x64
		Release|x86 = Release|x86
	EndGlobalSection
	GlobalSection(ProjectConfigurationPlatforms) = postSolution
		{16A3D766-CB27-4A05-AD6B-C01ABB45B9FF}.Debug|ARM.ActiveCfg = Debug|ARM
		{16A3D766-CB27-4A05-AD6B-C01ABB45B9FF}.Debug|ARM.Build.0 = Debug|ARM
		{16A3D766-CB27-4A05-AD6B-C01ABB45B9FF}.Debug|ARM.Deploy.0 = Debug|ARM
		{16A3D766-CB27-4A05-AD6B-C01ABB45B9FF}.Debug|x64.ActiveCfg = Debug|x64
		{16A3D766-CB27-4A05-AD6B-C01ABB45B9FF}.Debug|x64.Build.0 = Debug|x64
		{16A3D766-CB27-4A05-AD6B-C01ABB45B9FF}.Debug|x64.Deploy.0 = Debug|x64
		{16A3D766-CB27-4A05-AD6B-C01ABB45B9FF}.Debug|x86.ActiveCfg = Debug|x86
		{16A3D766-CB27-4A05-AD6B-C01ABB45B9FF}.Debug|x86.Build.0 = Debug|x86
		{16A3D766-CB27-4A05-AD6B-C01ABB45B9FF}.Debug|x86.Deploy.0 = Debug|x86
		{16A3D766-CB27-4A05-AD6B-C01ABB45B9FF}.Release|ARM.ActiveCfg = Release|ARM
		{16A3D766-CB27-4A05-AD6B-C01ABB45B9FF}.Release|ARM.Build.0 = Release|ARM
		{16A3D766-CB27-4A05-AD6B-C01ABB45B9FF}.Release|ARM.Deploy.0 = Release|ARM
		{16A3D766-CB27-4A05-AD6B-C01ABB45B9FF}.Release|x64.ActiveCfg = Release|x64
		{16A3D766-CB27-4A05-AD6B-C01ABB45B9FF}.Release|x64.Build.0 = Release|x64
		{16A3D766-CB27-4A05-AD6B-C01ABB45B9FF}.Release|x64.Deploy.0 = Release|x64
		{16A3D766-CB27-4A05-AD6B-C01ABB45B9FF}.Release|x86.ActiveCfg = Release|x86
		{16A3D766-CB27-4A05-AD6B-C01ABB45B9FF}.Release|x86.Build.0 = Release|x86
		{16A3D766-CB27-4A05-AD6B-C01ABB45B9FF}.Release|x86.Deploy.0 = Release|x86
	EndGlobalSection
	GlobalSection(SolutionProperties) = preSolution
		HideSolutionNode = FALSE
	EndGlobalSection
	GlobalSection(ExtensibilityGlobals) = postSolution
		SolutionGuid = {FC056FAB-58E1-42E4-9AC7-5391731249B5}
	EndGlobalSection
EndGlobal
